
Microsoft Visual Studio Solution File, Format Version 12.00
# Visual Studio Version 16
VisualStudioVersion = 16.0.28729.10
MinimumVisualStudioVersion = 10.0.40219.1
Project("{9A19103F-16F7-4668-BE54-9A1E7A4F7556}") = "FroniusSolarApi.Poller", "FroniusSolarApi.Poller\FroniusSolarApi.Poller.csproj", "{BCC99B30-B3C3-4F79-8F73-AB118129ADFF}"
EndProject
Project("{9A19103F-16F7-4668-BE54-9A1E7A4F7556}") = "FroniusSolarApi.Repository", "FroniusSolarApi.Repository\FroniusSolarApi.Repository.csproj", "{FED894AC-3798-48AD-9250-7630129BB059}"
EndProject
Project("{2150E333-8FDC-42A3-9474-1A3956D46DE8}") = "Solution Items", "Solution Items", "{5EEECE93-C26A-48DB-B445-20D08E89ACF8}"
	ProjectSection(SolutionItems) = preProject
		.travis.yml = .travis.yml
	EndProjectSection
EndProject
Global
	GlobalSection(SolutionConfigurationPlatforms) = preSolution
		Debug|Any CPU = Debug|Any CPU
		Release|Any CPU = Release|Any CPU
	EndGlobalSection
	GlobalSection(ProjectConfigurationPlatforms) = postSolution
		{BCC99B30-B3C3-4F79-8F73-AB118129ADFF}.Debug|Any CPU.ActiveCfg = Debug|Any CPU
		{BCC99B30-B3C3-4F79-8F73-AB118129ADFF}.Debug|Any CPU.Build.0 = Debug|Any CPU
		{BCC99B30-B3C3-4F79-8F73-AB118129ADFF}.Release|Any CPU.ActiveCfg = Release|Any CPU
		{BCC99B30-B3C3-4F79-8F73-AB118129ADFF}.Release|Any CPU.Build.0 = Release|Any CPU
		{FED894AC-3798-48AD-9250-7630129BB059}.Debug|Any CPU.ActiveCfg = Debug|Any CPU
		{FED894AC-3798-48AD-9250-7630129BB059}.Debug|Any CPU.Build.0 = Debug|Any CPU
		{FED894AC-3798-48AD-9250-7630129BB059}.Release|Any CPU.ActiveCfg = Release|Any CPU
		{FED894AC-3798-48AD-9250-7630129BB059}.Release|Any CPU.Build.0 = Release|Any CPU
	EndGlobalSection
	GlobalSection(SolutionProperties) = preSolution
		HideSolutionNode = FALSE
	EndGlobalSection
	GlobalSection(ExtensibilityGlobals) = postSolution
		SolutionGuid = {AA3B4B94-A69E-43AA-818F-169683214177}
	EndGlobalSection
EndGlobal
